{
  "name": "kms-forge",
  "version": "1.0.0",
  "lockfileVersion": 1,
  "requires": true,
  "dependencies": {
    "@alicloud/credentials": {
      "version": "2.1.1",
      "resolved": "https://registry.npm.taobao.org/@alicloud/credentials/download/@alicloud/credentials-2.1.1.tgz",
      "integrity": "sha1-vUQ7Ek00VTs1bakjTyKAYZ9n1tQ=",
      "requires": {
        "@alicloud/tea-typescript": "^1.5.3",
        "httpx": "^2.2.0",
        "ini": "^1.3.5",
        "kitx": "^2.0.0"
      }
    },
    "@alicloud/endpoint-util": {
      "version": "0.0.1",
      "resolved": "https://registry.npm.taobao.org/@alicloud/endpoint-util/download/@alicloud/endpoint-util-0.0.1.tgz",
      "integrity": "sha1-sjf14E43OrtUxCEZN3swvWr7Gnw=",
      "requires": {
        "@alicloud/tea-typescript": "^1.5.1",
        "kitx": "^2.0.0"
      }
    },
    "@alicloud/http-core-sdk": {
      "version": "1.0.0",
      "resolved": "https://registry.nlark.com/@alicloud/http-core-sdk/download/@alicloud/http-core-sdk-1.0.0.tgz",
      "integrity": "sha1-Tiy4NdOQ/J55Ch9aa6WoVjKSJdY=",
      "requires": {
        "httpx": "^2.1.3"
      }
    },
    "@alicloud/kms-sdk": {
      "version": "1.1.0",
      "resolved": "https://registry.nlark.com/@alicloud/kms-sdk/download/@alicloud/kms-sdk-1.1.0.tgz",
      "integrity": "sha1-j5jAlP2JNmJTSnBJEdQr3SqQ6U8=",
      "requires": {
        "@alicloud/http-core-sdk": "^1.0.0"
      }
    },
    "@alicloud/kms20160120": {
      "version": "2.0.1",
      "resolved": "https://registry.nlark.com/@alicloud/kms20160120/download/@alicloud/kms20160120-2.0.1.tgz",
      "integrity": "sha1-Ji9oNWTXnkmEvPqueq+OYyTWYKU=",
      "requires": {
        "@alicloud/endpoint-util": "^0.0.1",
        "@alicloud/openapi-client": "^0.3.0",
        "@alicloud/openapi-util": "^0.2.1",
        "@alicloud/tea-typescript": "^1.7.1",
        "@alicloud/tea-util": "^1.4.0"
      }
    },
    "@alicloud/openapi-client": {
      "version": "0.3.3",
      "resolved": "https://registry.npm.taobao.org/@alicloud/openapi-client/download/@alicloud/openapi-client-0.3.3.tgz",
      "integrity": "sha1-8DE21Rg4RwU7wAYveg6h1gA5BsY=",
      "requires": {
        "@alicloud/credentials": "^2",
        "@alicloud/openapi-util": "^0.2.1",
        "@alicloud/tea-typescript": "^1.7.1",
        "@alicloud/tea-util": "^1.4.0"
      }
    },
    "@alicloud/openapi-util": {
      "version": "0.2.2",
      "resolved": "https://registry.npm.taobao.org/@alicloud/openapi-util/download/@alicloud/openapi-util-0.2.2.tgz",
      "integrity": "sha1-0Kwim+1u8OfPA714NJxOy5Ts1Yo=",
      "requires": {
        "@alicloud/tea-typescript": "^1.7.1",
        "@alicloud/tea-util": "^1.3.0",
        "kitx": "^2.1.0",
        "sm3": "^1.0.3"
      }
    },
    "@alicloud/pop-core": {
      "version": "1.7.10",
      "resolved": "https://registry.npm.taobao.org/@alicloud/pop-core/download/@alicloud/pop-core-1.7.10.tgz",
      "integrity": "sha1-0OIhA227DM3kU90Jsc+r2DQbemk=",
      "dev": true,
      "requires": {
        "debug": "^3.1.0",
        "httpx": "^2.1.2",
        "json-bigint": "^1.0.0",
        "kitx": "^1.2.1",
        "xml2js": "^0.4.17"
      },
      "dependencies": {
        "debug": {
          "version": "3.2.7",
          "resolved": "https://registry.nlark.com/debug/download/debug-3.2.7.tgz?cache=0&other_urls=https%3A%2F%2Fregistry.nlark.com%2Fdebug%2Fdownload%2Fdebug-3.2.7.tgz",
          "integrity": "sha1-clgLfpFF+zm2Z2+cXl+xALk0F5o=",
          "dev": true,
          "requires": {
            "ms": "^2.1.1"
          }
        },
        "kitx": {
          "version": "1.3.0",
          "resolved": "https://registry.npm.taobao.org/kitx/download/kitx-1.3.0.tgz",
          "integrity": "sha1-qz7nxZjSsdYp/VVWj4aMREDCAOo=",
          "dev": true
        }
      }
    },
    "@alicloud/tea-typescript": {
      "version": "1.7.1",
      "resolved": "https://registry.npm.taobao.org/@alicloud/tea-typescript/download/@alicloud/tea-typescript-1.7.1.tgz",
      "integrity": "sha1-MS9P+xs24yv/vShSfwqfh3qD6AQ=",
      "requires": {
        "@types/node": "^12.0.2",
        "httpx": "^2.2.6"
      },
      "dependencies": {
        "@types/node": {
          "version": "12.20.19",
          "resolved": "https://registry.nlark.com/@types/node/download/@types/node-12.20.19.tgz",
          "integrity": "sha1-U45h/CIPd65KRmPD2MPLORNlwgk="
        }
      }
    },
    "@alicloud/tea-util": {
      "version": "1.4.2",
      "resolved": "https://registry.npm.taobao.org/@alicloud/tea-util/download/@alicloud/tea-util-1.4.2.tgz",
      "integrity": "sha1-cugc79Y02BJywmk2TBlN5wURQFw=",
      "requires": {
        "@alicloud/tea-typescript": "^1.5.1",
        "kitx": "^2.0.0"
      }
    },
    "@types/node": {
      "version": "14.17.10",
      "resolved": "https://registry.nlark.com/@types/node/download/@types/node-14.17.10.tgz",
      "integrity": "sha1-k/Swla8nWgQnEUV5wQ7HqmlnKdc="
    },
    "atob": {
      "version": "2.1.2",
      "resolved": "https://registry.nlark.com/atob/download/atob-2.1.2.tgz",
      "integrity": "sha1-bZUX654DDSQ2ZmZR6GvZ9vE1M8k="
    },
    "bignumber.js": {
      "version": "9.0.1",
      "resolved": "https://registry.npm.taobao.org/bignumber.js/download/bignumber.js-9.0.1.tgz",
      "integrity": "sha1-jXuhJMiCv9jkMmDGdHVRjQaJ5OU=",
      "dev": true
    },
    "btoa": {
      "version": "1.2.1",
      "resolved": "https://registry.npm.taobao.org/btoa/download/btoa-1.2.1.tgz",
      "integrity": "sha1-AamQn4ssk/a/aAuiYTHrMPf6PXM="
    },
    "debug": {
      "version": "4.3.2",
      "resolved": "https://registry.nlark.com/debug/download/debug-4.3.2.tgz?cache=0&other_urls=https%3A%2F%2Fregistry.nlark.com%2Fdebug%2Fdownload%2Fdebug-4.3.2.tgz",
      "integrity": "sha1-8KScGKyHeeMdSgxgKd+3aHPHQos=",
      "requires": {
        "ms": "2.1.2"
      }
    },
    "httpx": {
      "version": "2.2.7",
      "resolved": "https://registry.npm.taobao.org/httpx/download/httpx-2.2.7.tgz",
      "integrity": "sha1-HjQZgUbjLKMwWmbBEglVnhy+ugk=",
      "requires": {
        "@types/node": "^14",
        "debug": "^4.1.1"
      }
    },
    "ini": {
      "version": "1.3.8",
      "resolved": "https://registry.npm.taobao.org/ini/download/ini-1.3.8.tgz",
      "integrity": "sha1-op2kJbSIBvNHZ6Tvzjlyaa8oQyw="
    },
    "json-bigint": {
      "version": "1.0.0",
      "resolved": "https://registry.npm.taobao.org/json-bigint/download/json-bigint-1.0.0.tgz",
      "integrity": "sha1-rlR4I6wMrYOYZn+M2e9HMPWwH/E=",
      "dev": true,
      "requires": {
        "bignumber.js": "^9.0.0"
      }
    },
    "kitx": {
      "version": "2.1.0",
      "resolved": "https://registry.npm.taobao.org/kitx/download/kitx-2.1.0.tgz",
      "integrity": "sha1-/H+/eOtu16Wj/S16+zAR4p0ORMg=",
      "requires": {
        "@types/node": "^12.0.2"
      },
      "dependencies": {
        "@types/node": {
          "version": "12.20.19",
          "resolved": "https://registry.nlark.com/@types/node/download/@types/node-12.20.19.tgz",
          "integrity": "sha1-U45h/CIPd65KRmPD2MPLORNlwgk="
        }
      }
    },
    "ms": {
      "version": "2.1.2",
      "resolved": "https://registry.npm.taobao.org/ms/download/ms-2.1.2.tgz?cache=0&sync_timestamp=1607433926553&other_urls=https%3A%2F%2Fregistry.npm.taobao.org%2Fms%2Fdownload%2Fms-2.1.2.tgz",
      "integrity": "sha1-0J0fNXtEP0kzgqjrPM0YOHKuYAk="
    },
    "node-forge": {
      "version": "0.10.0",
      "resolved": "https://registry.nlark.com/node-forge/download/node-forge-0.10.0.tgz",
      "integrity": "sha1-Mt6ir7Ppkm8C7lzoeUkCaRpna/M="
    },
    "sax": {
      "version": "1.2.4",
      "resolved": "https://registry.nlark.com/sax/download/sax-1.2.4.tgz",
      "integrity": "sha1-KBYjTiN4vdxOU1T6tcqold9xANk=",
      "dev": true
    },
    "sm3": {
      "version": "1.0.3",
      "resolved": "https://registry.nlark.com/sm3/download/sm3-1.0.3.tgz",
      "integrity": "sha1-AFHwzJSMmDlEhDE257qiRO7FzUk="
    },
    "xml2js": {
      "version": "0.4.23",
      "resolved": "https://registry.nlark.com/xml2js/download/xml2js-0.4.23.tgz",
      "integrity": "sha1-oMaVFnUkIesqx1juTUzPWIQ+rGY=",
      "dev": true,
      "requires": {
        "sax": ">=0.6.0",
        "xmlbuilder": "~11.0.0"
      }
    },
    "xmlbuilder": {
      "version": "11.0.1",
      "resolved": "https://registry.npm.taobao.org/xmlbuilder/download/xmlbuilder-11.0.1.tgz",
      "integrity": "sha1-vpuuHIoEbnazESdyY0fQrXACvrM=",
      "dev": true
    }
  }
}
